
Microsoft Visual Studio Solution File, Format Version 12.00
# Visual Studio Version 17
VisualStudioVersion = 17.0.31919.166
MinimumVisualStudioVersion = 10.0.40219.1
Project("{FAE04EC0-301F-11D3-BF4B-00C04F79EFBC}") = "WindowsFormsApp1 Cadastro de Cliente", "WindowsFormsApp1 Cadastro de Cliente\WindowsFormsApp1 Cadastro de Cliente.csproj", "{54408A46-CA14-4B30-B0E8-1EEBF148A1A8}"
EndProject
Global
	GlobalSection(SolutionConfigurationPlatforms) = preSolution
		Debug|Any CPU = Debug|Any CPU
		Release|Any CPU = Release|Any CPU
	EndGlobalSection
	GlobalSection(ProjectConfigurationPlatforms) = postSolution
		{54408A46-CA14-4B30-B0E8-1EEBF148A1A8}.Debug|Any CPU.ActiveCfg = Debug|Any CPU
		{54408A46-CA14-4B30-B0E8-1EEBF148A1A8}.Debug|Any CPU.Build.0 = Debug|Any CPU
		{54408A46-CA14-4B30-B0E8-1EEBF148A1A8}.Release|Any CPU.ActiveCfg = Release|Any CPU
		{54408A46-CA14-4B30-B0E8-1EEBF148A1A8}.Release|Any CPU.Build.0 = Release|Any CPU
	EndGlobalSection
	GlobalSection(SolutionProperties) = preSolution
		HideSolutionNode = FALSE
	EndGlobalSection
	GlobalSection(ExtensibilityGlobals) = postSolution
		SolutionGuid = {AD65E648-0ECA-4147-B003-A2FEBFCF1624}
	EndGlobalSection
EndGlobal
