
Microsoft Visual Studio Solution File, Format Version 12.00
# Visual Studio Version 17
VisualStudioVersion = 17.0.31919.166
MinimumVisualStudioVersion = 10.0.40219.1
Project("{FAE04EC0-301F-11D3-BF4B-00C04F79EFBC}") = "Aula.Henrique1", "Aula.Henrique1\Aula.Henrique1.csproj", "{3C67A72F-91FC-4C52-9EC0-3BC4E7046F10}"
EndProject
Global
	GlobalSection(SolutionConfigurationPlatforms) = preSolution
		Debug|Any CPU = Debug|Any CPU
		Release|Any CPU = Release|Any CPU
	EndGlobalSection
	GlobalSection(ProjectConfigurationPlatforms) = postSolution
		{3C67A72F-91FC-4C52-9EC0-3BC4E7046F10}.Debug|Any CPU.ActiveCfg = Debug|Any CPU
		{3C67A72F-91FC-4C52-9EC0-3BC4E7046F10}.Debug|Any CPU.Build.0 = Debug|Any CPU
		{3C67A72F-91FC-4C52-9EC0-3BC4E7046F10}.Release|Any CPU.ActiveCfg = Release|Any CPU
		{3C67A72F-91FC-4C52-9EC0-3BC4E7046F10}.Release|Any CPU.Build.0 = Release|Any CPU
	EndGlobalSection
	GlobalSection(SolutionProperties) = preSolution
		HideSolutionNode = FALSE
	EndGlobalSection
	GlobalSection(ExtensibilityGlobals) = postSolution
		SolutionGuid = {6441A991-6980-4951-8149-FB132DC0330E}
	EndGlobalSection
EndGlobal
