
Microsoft Visual Studio Solution File, Format Version 12.00
# Visual Studio Version 17
VisualStudioVersion = 17.0.31919.166
MinimumVisualStudioVersion = 10.0.40219.1
Project("{FAE04EC0-301F-11D3-BF4B-00C04F79EFBC}") = "Biblio.from1", "Biblio.from1\Biblio.from1.csproj", "{F5E94042-AC86-4F86-BFB0-C4590AA9BA98}"
EndProject
Global
	GlobalSection(SolutionConfigurationPlatforms) = preSolution
		Debug|Any CPU = Debug|Any CPU
		Release|Any CPU = Release|Any CPU
	EndGlobalSection
	GlobalSection(ProjectConfigurationPlatforms) = postSolution
		{F5E94042-AC86-4F86-BFB0-C4590AA9BA98}.Debug|Any CPU.ActiveCfg = Debug|Any CPU
		{F5E94042-AC86-4F86-BFB0-C4590AA9BA98}.Debug|Any CPU.Build.0 = Debug|Any CPU
		{F5E94042-AC86-4F86-BFB0-C4590AA9BA98}.Release|Any CPU.ActiveCfg = Release|Any CPU
		{F5E94042-AC86-4F86-BFB0-C4590AA9BA98}.Release|Any CPU.Build.0 = Release|Any CPU
	EndGlobalSection
	GlobalSection(SolutionProperties) = preSolution
		HideSolutionNode = FALSE
	EndGlobalSection
	GlobalSection(ExtensibilityGlobals) = postSolution
		SolutionGuid = {8045648F-3D0C-4F01-865A-097DE0B0056B}
	EndGlobalSection
EndGlobal
